
Microsoft Visual Studio Solution File, Format Version 12.00
# Visual Studio Version 17
VisualStudioVersion = 17.2.32505.173
MinimumVisualStudioVersion = 10.0.40219.1
Project("{9A19103F-16F7-4668-BE54-9A1E7A4F7556}") = "Demo", "Demo.csproj", "{E3D9E463-CCFA-4FDF-80C2-5C6694AF0E27}"
EndProject
Global
	GlobalSection(SolutionConfigurationPlatforms) = preSolution
		Debug|Any CPU = Debug|Any CPU
		Release|Any CPU = Release|Any CPU
	EndGlobalSection
	GlobalSection(ProjectConfigurationPlatforms) = postSolution
		{E3D9E463-CCFA-4FDF-80C2-5C6694AF0E27}.Debug|Any CPU.ActiveCfg = Debug|Any CPU
		{E3D9E463-CCFA-4FDF-80C2-5C6694AF0E27}.Debug|Any CPU.Build.0 = Debug|Any CPU
		{E3D9E463-CCFA-4FDF-80C2-5C6694AF0E27}.Release|Any CPU.ActiveCfg = Release|Any CPU
		{E3D9E463-CCFA-4FDF-80C2-5C6694AF0E27}.Release|Any CPU.Build.0 = Release|Any CPU
	EndGlobalSection
	GlobalSection(SolutionProperties) = preSolution
		HideSolutionNode = FALSE
	EndGlobalSection
	GlobalSection(ExtensibilityGlobals) = postSolution
		SolutionGuid = {E23F1F41-7599-458E-BFC2-D36DA511C36D}
	EndGlobalSection
EndGlobal
